PODS:
  - BRFullTextSearch (1.0.9):
    - BRFullTextSearch/Core (= 1.0.9)
  - BRFullTextSearch/API (1.0.9)
  - BRFullTextSearch/CLucene (1.0.9):
    - BRFullTextSearch/CLucene-Contribs-Lib
    - BRFullTextSearch/CLucene-Core
    - BRFullTextSearch/CLucene-Shared
  - BRFullTextSearch/CLucene-Config (1.0.9)
  - BRFullTextSearch/CLucene-Contribs-Lib (1.0.9):
    - BRFullTextSearch/CLucene-Core
    - BRFullTextSearch/CLucene-Shared
  - BRFullTextSearch/CLucene-Core (1.0.9):
    - BRFullTextSearch/CLucene-Core-API
    - BRFullTextSearch/CLucene-Shared
  - BRFullTextSearch/CLucene-Core-API (1.0.9):
    - BRFullTextSearch/CLucene-Config
  - BRFullTextSearch/CLucene-Shared (1.0.9):
    - BRFullTextSearch/CLucene-Core-API
  - BRFullTextSearch/Core (1.0.9):
    - BRFullTextSearch/API
    - BRFullTextSearch/Implementation-CLucene
  - BRFullTextSearch/Implementation-CLucene (1.0.9):
    - BRFullTextSearch/API
    - BRFullTextSearch/CLucene
  - MagicalRecord (2.2):
    - MagicalRecord/Core (= 2.2)
  - MagicalRecord/Core (2.2)

DEPENDENCIES:
  - BRFullTextSearch (from `../`)
  - MagicalRecord (= 2.2)

EXTERNAL SOURCES:
  BRFullTextSearch:
    :path: ../

SPEC CHECKSUMS:
  BRFullTextSearch: b62cbddbf828301e5e2403536044b58837fedf25
  MagicalRecord: f8a56bb87ab6552f20c4bb8681a1958a197ea3cd

COCOAPODS: 0.39.0
