// !$*UTF8*$!
{
	archiveVersion = 1;
	classes = {
	};
	objectVersion = 46;
	objects = {

/* Begin PBXBuildFile section */
		C9049B1717CAC48E0099F480 /* UIKit.framework in Frameworks */ = {isa = PBXBuildFile; fileRef = C9049B1617CAC48E0099F480 /* UIKit.framework */; };
		C9049B1917CAC48E0099F480 /* Foundation.framework in Frameworks */ = {isa = PBXBuildFile; fileRef = C9049B1817CAC48E0099F480 /* Foundation.framework */; };
		C9049B1B17CAC48E0099F480 /* CoreGraphics.framework in Frameworks */ = {isa = PBXBuildFile; fileRef = C9049B1A17CAC48E0099F480 /* CoreGraphics.framework */; };
		C9049B2117CAC48E0099F480 /* InfoPlist.strings in Resources */ = {isa = PBXBuildFile; fileRef = C9049B1F17CAC48E0099F480 /* InfoPlist.strings */; };
		C9049B2317CAC48E0099F480 /* main.m in Sources */ = {isa = PBXBuildFile; fileRef = C9049B2217CAC48E0099F480 /* main.m */; };
		C9049B2717CAC48E0099F480 /* AppDelegate.m in Sources */ = {isa = PBXBuildFile; fileRef = C9049B2617CAC48E0099F480 /* AppDelegate.m */; };
		C9049B2917CAC48F0099F480 /* Default.png in Resources */ = {isa = PBXBuildFile; fileRef = C9049B2817CAC48F0099F480 /* Default.png */; };
		C9049B2B17CAC48F0099F480 /* Default@2x.png in Resources */ = {isa = PBXBuildFile; fileRef = C9049B2A17CAC48F0099F480 /* Default@2x.png */; };
		C9049B2D17CAC48F0099F480 /* Default-568h@2x.png in Resources */ = {isa = PBXBuildFile; fileRef = C9049B2C17CAC48F0099F480 /* Default-568h@2x.png */; };
		C9049B4717CAC4DE0099F480 /* libBRFullTextSearch.a in Frameworks */ = {isa = PBXBuildFile; fileRef = C9049B4217CAC4CC0099F480 /* libBRFullTextSearch.a */; };
		C9049B4917CAC4E50099F480 /* libz.dylib in Frameworks */ = {isa = PBXBuildFile; fileRef = C9049B4817CAC4E40099F480 /* libz.dylib */; };
		C9049B4B17CAC4EE0099F480 /* libstdc++.dylib in Frameworks */ = {isa = PBXBuildFile; fileRef = C9049B4A17CAC4EE0099F480 /* libstdc++.dylib */; };
		C9049B4D17CAC5100099F480 /* CoreData.framework in Frameworks */ = {isa = PBXBuildFile; fileRef = C9049B4C17CAC5100099F480 /* CoreData.framework */; };
		C9049BAA17CAC6BA0099F480 /* CoreDataManager.m in Sources */ = {isa = PBXBuildFile; fileRef = C9049BA917CAC6BA0099F480 /* CoreDataManager.m */; };
		C9049BAD17CAC9CD0099F480 /* Model.xcdatamodeld in Sources */ = {isa = PBXBuildFile; fileRef = C9049BAB17CAC9CD0099F480 /* Model.xcdatamodeld */; };
		C9049BB017CACA5C0099F480 /* StickyNote.m in Sources */ = {isa = PBXBuildFile; fileRef = C9049BAF17CACA5C0099F480 /* StickyNote.m */; };
		C9049BB517CACD870099F480 /* StickyNoteListViewController.m in Sources */ = {isa = PBXBuildFile; fileRef = C9049BB317CACD870099F480 /* StickyNoteListViewController.m */; };
		C9049BB617CACD870099F480 /* StickyNoteListViewController.xib in Resources */ = {isa = PBXBuildFile; fileRef = C9049BB417CACD870099F480 /* StickyNoteListViewController.xib */; };
		C9049BBA17CAD3860099F480 /* StickyNoteViewController.m in Sources */ = {isa = PBXBuildFile; fileRef = C9049BB817CAD3860099F480 /* StickyNoteViewController.m */; };
		C9049BBB17CAD3860099F480 /* StickyNoteViewController.xib in Resources */ = {isa = PBXBuildFile; fileRef = C9049BB917CAD3860099F480 /* StickyNoteViewController.xib */; };
		C9049BC217CAE7700099F480 /* stop-words.txt in Resources */ = {isa = PBXBuildFile; fileRef = C9049BC017CAE7700099F480 /* stop-words.txt */; };
		C9049BC517CB10800099F480 /* Notifications.m in Sources */ = {isa = PBXBuildFile; fileRef = C9049BC417CB10800099F480 /* Notifications.m */; };
		C9B506F71AE72F1B00108562 /* SettingsViewController.m in Sources */ = {isa = PBXBuildFile; fileRef = C9B506F51AE72F1B00108562 /* SettingsViewController.m */; };
		C9B506F81AE72F1B00108562 /* SettingsViewController.xib in Resources */ = {isa = PBXBuildFile; fileRef = C9B506F61AE72F1B00108562 /* SettingsViewController.xib */; };
		EED3B88A827168F2772DB75F /* libPods.a in Frameworks */ = {isa = PBXBuildFile; fileRef = A06DBFE5733C082A1D5847E4 /* libPods.a */; };
/* End PBXBuildFile section */

/* Begin PBXContainerItemProxy section */
		C9049B4117CAC4CC0099F480 /* PBXContainerItemProxy */ = {
			isa = PBXContainerItemProxy;
			containerPortal = C9049B3B17CAC4CC0099F480 /* BRFullTextSearch.xcodeproj */;
			proxyType = 2;
			remoteGlobalIDString = C909C2611784CB600016C25E;
			remoteInfo = BRFullTextSearch;
		};
		C9049B4317CAC4CC0099F480 /* PBXContainerItemProxy */ = {
			isa = PBXContainerItemProxy;
			containerPortal = C9049B3B17CAC4CC0099F480 /* BRFullTextSearch.xcodeproj */;
			proxyType = 2;
			remoteGlobalIDString = C909C2721784CB600016C25E;
			remoteInfo = BRFullTextSearchTests;
		};
		C9049B4517CAC4D50099F480 /* PBXContainerItemProxy */ = {
			isa = PBXContainerItemProxy;
			containerPortal = C9049B3B17CAC4CC0099F480 /* BRFullTextSearch.xcodeproj */;
			proxyType = 1;
			remoteGlobalIDString = C909C2601784CB600016C25E;
			remoteInfo = BRFullTextSearch;
		};
/* End PBXContainerItemProxy section */

/* Begin PBXFileReference section */
		0697CF9C57C1EABE6B92AFE7 /* Pods.debug.xcconfig */ = {isa = PBXFileReference; includeInIndex = 1; lastKnownFileType = text.xcconfig; name = Pods.debug.xcconfig; path = "Pods/Target Support Files/Pods/Pods.debug.xcconfig"; sourceTree = "<group>"; };
		6D852EE8FD9DA1755B51BFC8 /* Pods.release.xcconfig */ = {isa = PBXFileReference; includeInIndex = 1; lastKnownFileType = text.xcconfig; name = Pods.release.xcconfig; path = "Pods/Target Support Files/Pods/Pods.release.xcconfig"; sourceTree = "<group>"; };
		A06DBFE5733C082A1D5847E4 /* libPods.a */ = {isa = PBXFileReference; explicitFileType = archive.ar; includeInIndex = 0; path = libPods.a; sourceTree = BUILT_PRODUCTS_DIR; };
		C9049B1317CAC48E0099F480 /* SampleCoreDataProject.app */ = {isa = PBXFileReference; explicitFileType = wrapper.application; includeInIndex = 0; path = SampleCoreDataProject.app; sourceTree = BUILT_PRODUCTS_DIR; };
		C9049B1617CAC48E0099F480 /* UIKit.framework */ = {isa = PBXFileReference; lastKnownFileType = wrapper.framework; name = UIKit.framework; path = System/Library/Frameworks/UIKit.framework; sourceTree = SDKROOT; };
		C9049B1817CAC48E0099F480 /* Foundation.framework */ = {isa = PBXFileReference; lastKnownFileType = wrapper.framework; name = Foundation.framework; path = System/Library/Frameworks/Foundation.framework; sourceTree = SDKROOT; };
		C9049B1A17CAC48E0099F480 /* CoreGraphics.framework */ = {isa = PBXFileReference; lastKnownFileType = wrapper.framework; name = CoreGraphics.framework; path = System/Library/Frameworks/CoreGraphics.framework; sourceTree = SDKROOT; };
		C9049B1E17CAC48E0099F480 /* SampleCoreDataProject-Info.plist */ = {isa = PBXFileReference; lastKnownFileType = text.plist.xml; path = "SampleCoreDataProject-Info.plist"; sourceTree = "<group>"; };
		C9049B2017CAC48E0099F480 /* en */ = {isa = PBXFileReference; lastKnownFileType = text.plist.strings; name = en; path = en.lproj/InfoPlist.strings; sourceTree = "<group>"; };
		C9049B2217CAC48E0099F480 /* main.m */ = {isa = PBXFileReference; lastKnownFileType = sourcecode.c.objc; path = main.m; sourceTree = "<group>"; };
		C9049B2417CAC48E0099F480 /* SampleCoreDataProject-Prefix.pch */ = {isa = PBXFileReference; lastKnownFileType = sourcecode.c.h; path = "SampleCoreDataProject-Prefix.pch"; sourceTree = "<group>"; };
		C9049B2517CAC48E0099F480 /* AppDelegate.h */ = {isa = PBXFileReference; lastKnownFileType = sourcecode.c.h; path = AppDelegate.h; sourceTree = "<group>"; };
		C9049B2617CAC48E0099F480 /* AppDelegate.m */ = {isa = PBXFileReference; lastKnownFileType = sourcecode.c.objc; path = AppDelegate.m; sourceTree = "<group>"; };
		C9049B2817CAC48F0099F480 /* Default.png */ = {isa = PBXFileReference; lastKnownFileType = image.png; path = Default.png; sourceTree = "<group>"; };
		C9049B2A17CAC48F0099F480 /* Default@2x.png */ = {isa = PBXFileReference; lastKnownFileType = image.png; path = "Default@2x.png"; sourceTree = "<group>"; };
		C9049B2C17CAC48F0099F480 /* Default-568h@2x.png */ = {isa = PBXFileReference; lastKnownFileType = image.png; path = "Default-568h@2x.png"; sourceTree = "<group>"; };
		C9049B3B17CAC4CC0099F480 /* BRFullTextSearch.xcodeproj */ = {isa = PBXFileReference; lastKnownFileType = "wrapper.pb-project"; name = BRFullTextSearch.xcodeproj; path = ../BRFullTextSearch.xcodeproj; sourceTree = "<group>"; };
		C9049B4817CAC4E40099F480 /* libz.dylib */ = {isa = PBXFileReference; lastKnownFileType = "compiled.mach-o.dylib"; name = libz.dylib; path = usr/lib/libz.dylib; sourceTree = SDKROOT; };
		C9049B4A17CAC4EE0099F480 /* libstdc++.dylib */ = {isa = PBXFileReference; lastKnownFileType = "compiled.mach-o.dylib"; name = "libstdc++.dylib"; path = "usr/lib/libstdc++.dylib"; sourceTree = SDKROOT; };
		C9049B4C17CAC5100099F480 /* CoreData.framework */ = {isa = PBXFileReference; lastKnownFileType = wrapper.framework; name = CoreData.framework; path = System/Library/Frameworks/CoreData.framework; sourceTree = SDKROOT; };
		C9049BA817CAC6BA0099F480 /* CoreDataManager.h */ = {isa = PBXFileReference; fileEncoding = 4; lastKnownFileType = sourcecode.c.h; path = CoreDataManager.h; sourceTree = "<group>"; };
		C9049BA917CAC6BA0099F480 /* CoreDataManager.m */ = {isa = PBXFileReference; fileEncoding = 4; lastKnownFileType = sourcecode.c.objc; path = CoreDataManager.m; sourceTree = "<group>"; };
		C9049BAC17CAC9CD0099F480 /* Model.xcdatamodel */ = {isa = PBXFileReference; lastKnownFileType = wrapper.xcdatamodel; path = Model.xcdatamodel; sourceTree = "<group>"; };
		C9049BAE17CACA5C0099F480 /* StickyNote.h */ = {isa = PBXFileReference; fileEncoding = 4; lastKnownFileType = sourcecode.c.h; path = StickyNote.h; sourceTree = "<group>"; };
		C9049BAF17CACA5C0099F480 /* StickyNote.m */ = {isa = PBXFileReference; fileEncoding = 4; lastKnownFileType = sourcecode.c.objc; path = StickyNote.m; sourceTree = "<group>"; };
		C9049BB217CACD870099F480 /* StickyNoteListViewController.h */ = {isa = PBXFileReference; fileEncoding = 4; lastKnownFileType = sourcecode.c.h; path = StickyNoteListViewController.h; sourceTree = "<group>"; };
		C9049BB317CACD870099F480 /* StickyNoteListViewController.m */ = {isa = PBXFileReference; fileEncoding = 4; lastKnownFileType = sourcecode.c.objc; path = StickyNoteListViewController.m; sourceTree = "<group>"; };
		C9049BB417CACD870099F480 /* StickyNoteListViewController.xib */ = {isa = PBXFileReference; fileEncoding = 4; lastKnownFileType = file.xib; path = StickyNoteListViewController.xib; sourceTree = "<group>"; };
		C9049BB717CAD3860099F480 /* StickyNoteViewController.h */ = {isa = PBXFileReference; fileEncoding = 4; lastKnownFileType = sourcecode.c.h; path = StickyNoteViewController.h; sourceTree = "<group>"; };
		C9049BB817CAD3860099F480 /* StickyNoteViewController.m */ = {isa = PBXFileReference; fileEncoding = 4; lastKnownFileType = sourcecode.c.objc; path = StickyNoteViewController.m; sourceTree = "<group>"; };
		C9049BB917CAD3860099F480 /* StickyNoteViewController.xib */ = {isa = PBXFileReference; fileEncoding = 4; lastKnownFileType = file.xib; path = StickyNoteViewController.xib; sourceTree = "<group>"; };
		C9049BC117CAE7700099F480 /* en */ = {isa = PBXFileReference; lastKnownFileType = text; name = en; path = "stop-words.txt"; sourceTree = "<group>"; };
		C9049BC317CB10800099F480 /* Notifications.h */ = {isa = PBXFileReference; fileEncoding = 4; lastKnownFileType = sourcecode.c.h; path = Notifications.h; sourceTree = "<group>"; };
		C9049BC417CB10800099F480 /* Notifications.m */ = {isa = PBXFileReference; fileEncoding = 4; lastKnownFileType = sourcecode.c.objc; path = Notifications.m; sourceTree = "<group>"; };
		C9B506F41AE72F1B00108562 /* SettingsViewController.h */ = {isa = PBXFileReference; fileEncoding = 4; lastKnownFileType = sourcecode.c.h; path = SettingsViewController.h; sourceTree = "<group>"; };
		C9B506F51AE72F1B00108562 /* SettingsViewController.m */ = {isa = PBXFileReference; fileEncoding = 4; lastKnownFileType = sourcecode.c.objc; path = SettingsViewController.m; sourceTree = "<group>"; };
		C9B506F61AE72F1B00108562 /* SettingsViewController.xib */ = {isa = PBXFileReference; fileEncoding = 4; lastKnownFileType = file.xib; path = SettingsViewController.xib; sourceTree = "<group>"; };
/* End PBXFileReference section */

/* Begin PBXFrameworksBuildPhase section */
		C9049B1017CAC48E0099F480 /* Frameworks */ = {
			isa = PBXFrameworksBuildPhase;
			buildActionMask = 2147483647;
			files = (
				C9049B4D17CAC5100099F480 /* CoreData.framework in Frameworks */,
				C9049B4B17CAC4EE0099F480 /* libstdc++.dylib in Frameworks */,
				C9049B4917CAC4E50099F480 /* libz.dylib in Frameworks */,
				C9049B4717CAC4DE0099F480 /* libBRFullTextSearch.a in Frameworks */,
				C9049B1717CAC48E0099F480 /* UIKit.framework in Frameworks */,
				C9049B1917CAC48E0099F480 /* Foundation.framework in Frameworks */,
				C9049B1B17CAC48E0099F480 /* CoreGraphics.framework in Frameworks */,
				EED3B88A827168F2772DB75F /* libPods.a in Frameworks */,
			);
			runOnlyForDeploymentPostprocessing = 0;
		};
/* End PBXFrameworksBuildPhase section */

/* Begin PBXGroup section */
		0799BDC59971C242B1883469 /* Pods */ = {
			isa = PBXGroup;
			children = (
				0697CF9C57C1EABE6B92AFE7 /* Pods.debug.xcconfig */,
				6D852EE8FD9DA1755B51BFC8 /* Pods.release.xcconfig */,
			);
			name = Pods;
			sourceTree = "<group>";
		};
		C9049B0A17CAC48E0099F480 = {
			isa = PBXGroup;
			children = (
				C9049B3B17CAC4CC0099F480 /* BRFullTextSearch.xcodeproj */,
				C9049B1C17CAC48E0099F480 /* SampleCoreDataProject */,
				C9049B1517CAC48E0099F480 /* Frameworks */,
				C9049B1417CAC48E0099F480 /* Products */,
				0799BDC59971C242B1883469 /* Pods */,
			);
			sourceTree = "<group>";
		};
		C9049B1417CAC48E0099F480 /* Products */ = {
			isa = PBXGroup;
			children = (
				C9049B1317CAC48E0099F480 /* SampleCoreDataProject.app */,
			);
			name = Products;
			sourceTree = "<group>";
		};
		C9049B1517CAC48E0099F480 /* Frameworks */ = {
			isa = PBXGroup;
			children = (
				C9049B4A17CAC4EE0099F480 /* libstdc++.dylib */,
				C9049B4817CAC4E40099F480 /* libz.dylib */,
				C9049B4C17CAC5100099F480 /* CoreData.framework */,
				C9049B1617CAC48E0099F480 /* UIKit.framework */,
				C9049B1817CAC48E0099F480 /* Foundation.framework */,
				C9049B1A17CAC48E0099F480 /* CoreGraphics.framework */,
				A06DBFE5733C082A1D5847E4 /* libPods.a */,
			);
			name = Frameworks;
			sourceTree = "<group>";
		};
		C9049B1C17CAC48E0099F480 /* SampleCoreDataProject */ = {
			isa = PBXGroup;
			children = (
				C9049BB117CACA630099F480 /* Model */,
				C9049B2517CAC48E0099F480 /* AppDelegate.h */,
				C9049B2617CAC48E0099F480 /* AppDelegate.m */,
				C9049BA817CAC6BA0099F480 /* CoreDataManager.h */,
				C9049BA917CAC6BA0099F480 /* CoreDataManager.m */,
				C9049BC317CB10800099F480 /* Notifications.h */,
				C9049BC417CB10800099F480 /* Notifications.m */,
				C9B506F41AE72F1B00108562 /* SettingsViewController.h */,
				C9B506F51AE72F1B00108562 /* SettingsViewController.m */,
				C9B506F61AE72F1B00108562 /* SettingsViewController.xib */,
				C9049BB217CACD870099F480 /* StickyNoteListViewController.h */,
				C9049BB317CACD870099F480 /* StickyNoteListViewController.m */,
				C9049BB417CACD870099F480 /* StickyNoteListViewController.xib */,
				C9049BB717CAD3860099F480 /* StickyNoteViewController.h */,
				C9049BB817CAD3860099F480 /* StickyNoteViewController.m */,
				C9049BB917CAD3860099F480 /* StickyNoteViewController.xib */,
				C9049B1D17CAC48E0099F480 /* Supporting Files */,
			);
			path = SampleCoreDataProject;
			sourceTree = "<group>";
		};
		C9049B1D17CAC48E0099F480 /* Supporting Files */ = {
			isa = PBXGroup;
			children = (
				C9049BBF17CAE7700099F480 /* en.lproj */,
				C9049B1E17CAC48E0099F480 /* SampleCoreDataProject-Info.plist */,
				C9049B1F17CAC48E0099F480 /* InfoPlist.strings */,
				C9049B2217CAC48E0099F480 /* main.m */,
				C9049B2417CAC48E0099F480 /* SampleCoreDataProject-Prefix.pch */,
				C9049B2817CAC48F0099F480 /* Default.png */,
				C9049B2A17CAC48F0099F480 /* Default@2x.png */,
				C9049B2C17CAC48F0099F480 /* Default-568h@2x.png */,
			);
			name = "Supporting Files";
			sourceTree = "<group>";
		};
		C9049B3C17CAC4CC0099F480 /* Products */ = {
			isa = PBXGroup;
			children = (
				C9049B4217CAC4CC0099F480 /* libBRFullTextSearch.a */,
				C9049B4417CAC4CC0099F480 /* BRFullTextSearchTests.xctest */,
			);
			name = Products;
			sourceTree = "<group>";
		};
		C9049BB117CACA630099F480 /* Model */ = {
			isa = PBXGroup;
			children = (
				C9049BAB17CAC9CD0099F480 /* Model.xcdatamodeld */,
				C9049BAE17CACA5C0099F480 /* StickyNote.h */,
				C9049BAF17CACA5C0099F480 /* StickyNote.m */,
			);
			name = Model;
			sourceTree = "<group>";
		};
		C9049BBF17CAE7700099F480 /* en.lproj */ = {
			isa = PBXGroup;
			children = (
				C9049BC017CAE7700099F480 /* stop-words.txt */,
			);
			name = en.lproj;
			path = ../../BRFullTextSearch/en.lproj;
			sourceTree = "<group>";
		};
/* End PBXGroup section */

/* Begin PBXNativeTarget section */
		C9049B1217CAC48E0099F480 /* SampleCoreDataProject */ = {
			isa = PBXNativeTarget;
			buildConfigurationList = C9049B3617CAC48F0099F480 /* Build configuration list for PBXNativeTarget "SampleCoreDataProject" */;
			buildPhases = (
				CAEFB7F882574FF37634E085 /* Check Pods Manifest.lock */,
				C9049B0F17CAC48E0099F480 /* Sources */,
				C9049B1017CAC48E0099F480 /* Frameworks */,
				C9049B1117CAC48E0099F480 /* Resources */,
				71B6D800708B7BC5C2E60E5E /* Copy Pods Resources */,
			);
			buildRules = (
			);
			dependencies = (
				C9049B4617CAC4D50099F480 /* PBXTargetDependency */,
			);
			name = SampleCoreDataProject;
			productName = SampleCoreDataProject;
			productReference = C9049B1317CAC48E0099F480 /* SampleCoreDataProject.app */;
			productType = "com.apple.product-type.application";
		};
/* End PBXNativeTarget section */

/* Begin PBXProject section */
		C9049B0B17CAC48E0099F480 /* Project object */ = {
			isa = PBXProject;
			attributes = {
				LastUpgradeCheck = 0460;
				ORGANIZATIONNAME = "Blue Rocket, Inc.";
			};
			buildConfigurationList = C9049B0E17CAC48E0099F480 /* Build configuration list for PBXProject "SampleCoreDataProject" */;
			compatibilityVersion = "Xcode 3.2";
			developmentRegion = English;
			hasScannedForEncodings = 0;
			knownRegions = (
				en,
			);
			mainGroup = C9049B0A17CAC48E0099F480;
			productRefGroup = C9049B1417CAC48E0099F480 /* Products */;
			projectDirPath = "";
			projectReferences = (
				{
					ProductGroup = C9049B3C17CAC4CC0099F480 /* Products */;
					ProjectRef = C9049B3B17CAC4CC0099F480 /* BRFullTextSearch.xcodeproj */;
				},
			);
			projectRoot = "";
			targets = (
				C9049B1217CAC48E0099F480 /* SampleCoreDataProject */,
			);
		};
/* End PBXProject section */

/* Begin PBXReferenceProxy section */
		C9049B4217CAC4CC0099F480 /* libBRFullTextSearch.a */ = {
			isa = PBXReferenceProxy;
			fileType = archive.ar;
			path = libBRFullTextSearch.a;
			remoteRef = C9049B4117CAC4CC0099F480 /* PBXContainerItemProxy */;
			sourceTree = BUILT_PRODUCTS_DIR;
		};
		C9049B4417CAC4CC0099F480 /* BRFullTextSearchTests.xctest */ = {
			isa = PBXReferenceProxy;
			fileType = wrapper.cfbundle;
			path = BRFullTextSearchTests.xctest;
			remoteRef = C9049B4317CAC4CC0099F480 /* PBXContainerItemProxy */;
			sourceTree = BUILT_PRODUCTS_DIR;
		};
/* End PBXReferenceProxy section */

/* Begin PBXResourcesBuildPhase section */
		C9049B1117CAC48E0099F480 /* Resources */ = {
			isa = PBXResourcesBuildPhase;
			buildActionMask = 2147483647;
			files = (
				C9049B2117CAC48E0099F480 /* InfoPlist.strings in Resources */,
				C9049B2917CAC48F0099F480 /* Default.png in Resources */,
				C9049B2B17CAC48F0099F480 /* Default@2x.png in Resources */,
				C9B506F81AE72F1B00108562 /* SettingsViewController.xib in Resources */,
				C9049B2D17CAC48F0099F480 /* Default-568h@2x.png in Resources */,
				C9049BB617CACD870099F480 /* StickyNoteListViewController.xib in Resources */,
				C9049BBB17CAD3860099F480 /* StickyNoteViewController.xib in Resources */,
				C9049BC217CAE7700099F480 /* stop-words.txt in Resources */,
			);
			runOnlyForDeploymentPostprocessing = 0;
		};
/* End PBXResourcesBuildPhase section */

/* Begin PBXShellScriptBuildPhase section */
		71B6D800708B7BC5C2E60E5E /* Copy Pods Resources */ = {
			isa = PBXShellScriptBuildPhase;
			buildActionMask = 2147483647;
			files = (
			);
			inputPaths = (
			);
			name = "Copy Pods Resources";
			outputPaths = (
			);
			runOnlyForDeploymentPostprocessing = 0;
			shellPath = /bin/sh;
			shellScript = "\"${SRCROOT}/Pods/Target Support Files/Pods/Pods-resources.sh\"\n";
			showEnvVarsInLog = 0;
		};
		CAEFB7F882574FF37634E085 /* Check Pods Manifest.lock */ = {
			isa = PBXShellScriptBuildPhase;
			buildActionMask = 2147483647;
			files = (
			);
			inputPaths = (
			);
			name = "Check Pods Manifest.lock";
			outputPaths = (
			);
			runOnlyForDeploymentPostprocessing = 0;
			shellPath = /bin/sh;
			shellScript = "diff \"${PODS_ROOT}/../Podfile.lock\" \"${PODS_ROOT}/Manifest.lock\" > /dev/null\nif [[ $? != 0 ]] ; then\n    cat << EOM\nerror: The sandbox is not in sync with the Podfile.lock. Run 'pod install' or update your CocoaPods installation.\nEOM\n    exit 1\nfi\n";
			showEnvVarsInLog = 0;
		};
/* End PBXShellScriptBuildPhase section */

/* Begin PBXSourcesBuildPhase section */
		C9049B0F17CAC48E0099F480 /* Sources */ = {
			isa = PBXSourcesBuildPhase;
			buildActionMask = 2147483647;
			files = (
				C9049B2317CAC48E0099F480 /* main.m in Sources */,
				C9049B2717CAC48E0099F480 /* AppDelegate.m in Sources */,
				C9049BAA17CAC6BA0099F480 /* CoreDataManager.m in Sources */,
				C9B506F71AE72F1B00108562 /* SettingsViewController.m in Sources */,
				C9049BAD17CAC9CD0099F480 /* Model.xcdatamodeld in Sources */,
				C9049BB017CACA5C0099F480 /* StickyNote.m in Sources */,
				C9049BB517CACD870099F480 /* StickyNoteListViewController.m in Sources */,
				C9049BBA17CAD3860099F480 /* StickyNoteViewController.m in Sources */,
				C9049BC517CB10800099F480 /* Notifications.m in Sources */,
			);
			runOnlyForDeploymentPostprocessing = 0;
		};
/* End PBXSourcesBuildPhase section */

/* Begin PBXTargetDependency section */
		C9049B4617CAC4D50099F480 /* PBXTargetDependency */ = {
			isa = PBXTargetDependency;
			name = BRFullTextSearch;
			targetProxy = C9049B4517CAC4D50099F480 /* PBXContainerItemProxy */;
		};
/* End PBXTargetDependency section */

/* Begin PBXVariantGroup section */
		C9049B1F17CAC48E0099F480 /* InfoPlist.strings */ = {
			isa = PBXVariantGroup;
			children = (
				C9049B2017CAC48E0099F480 /* en */,
			);
			name = InfoPlist.strings;
			sourceTree = "<group>";
		};
		C9049BC017CAE7700099F480 /* stop-words.txt */ = {
			isa = PBXVariantGroup;
			children = (
				C9049BC117CAE7700099F480 /* en */,
			);
			name = "stop-words.txt";
			sourceTree = "<group>";
		};
/* End PBXVariantGroup section */

/* Begin XCBuildConfiguration section */
		C9049B3417CAC48F0099F480 /* Debug */ = {
			isa = XCBuildConfiguration;
			buildSettings = {
				ALWAYS_SEARCH_USER_PATHS = YES;
				ARCHS = "$(ARCHS_STANDARD_INCLUDING_64_BIT)";
				CLANG_CXX_LANGUAGE_STANDARD = "gnu++0x";
				CLANG_CXX_LIBRARY = "libc++";
				CLANG_ENABLE_OBJC_ARC = YES;
				CLANG_WARN_CONSTANT_CONVERSION = YES;
				CLANG_WARN_EMPTY_BODY = YES;
				CLANG_WARN_ENUM_CONVERSION = YES;
				CLANG_WARN_INT_CONVERSION = YES;
				CLANG_WARN__DUPLICATE_METHOD_MATCH = YES;
				"CODE_SIGN_IDENTITY[sdk=iphoneos*]" = "iPhone Developer";
				COPY_PHASE_STRIP = NO;
				FRAMEWORK_SEARCH_PATHS = "";
				GCC_C_LANGUAGE_STANDARD = gnu99;
				GCC_DYNAMIC_NO_PIC = NO;
				GCC_OPTIMIZATION_LEVEL = 0;
				GCC_PREPROCESSOR_DEFINITIONS = (
					"DEBUG=1",
					"$(inherited)",
				);
				GCC_SYMBOLS_PRIVATE_EXTERN = NO;
				GCC_WARN_ABOUT_RETURN_TYPE = YES;
				GCC_WARN_UNINITIALIZED_AUTOS = YES;
				GCC_WARN_UNUSED_VARIABLE = YES;
				HEADER_SEARCH_PATHS = "\"$(PROJECT_DIR)/..\"";
				IPHONEOS_DEPLOYMENT_TARGET = 6.1;
				ONLY_ACTIVE_ARCH = YES;
				OTHER_LDFLAGS = "-ObjC";
				SDKROOT = iphoneos;
			};
			name = Debug;
		};
		C9049B3517CAC48F0099F480 /* Release */ = {
			isa = XCBuildConfiguration;
			buildSettings = {
				ALWAYS_SEARCH_USER_PATHS = YES;
				ARCHS = "$(ARCHS_STANDARD_INCLUDING_64_BIT)";
				CLANG_CXX_LANGUAGE_STANDARD = "gnu++0x";
				CLANG_CXX_LIBRARY = "libc++";
				CLANG_ENABLE_OBJC_ARC = YES;
				CLANG_WARN_CONSTANT_CONVERSION = YES;
				CLANG_WARN_EMPTY_BODY = YES;
				CLANG_WARN_ENUM_CONVERSION = YES;
				CLANG_WARN_INT_CONVERSION = YES;
				CLANG_WARN__DUPLICATE_METHOD_MATCH = YES;
				"CODE_SIGN_IDENTITY[sdk=iphoneos*]" = "iPhone Developer";
				COPY_PHASE_STRIP = YES;
				FRAMEWORK_SEARCH_PATHS = "";
				GCC_C_LANGUAGE_STANDARD = gnu99;
				GCC_WARN_ABOUT_RETURN_TYPE = YES;
				GCC_WARN_UNINITIALIZED_AUTOS = YES;
				GCC_WARN_UNUSED_VARIABLE = YES;
				HEADER_SEARCH_PATHS = "\"$(PROJECT_DIR)/..\"";
				IPHONEOS_DEPLOYMENT_TARGET = 6.1;
				OTHER_CFLAGS = "-DNS_BLOCK_ASSERTIONS=1";
				OTHER_LDFLAGS = "-ObjC";
				SDKROOT = iphoneos;
				VALIDATE_PRODUCT = YES;
			};
			name = Release;
		};
		C9049B3717CAC48F0099F480 /* Debug */ = {
			isa = XCBuildConfiguration;
			baseConfigurationReference = 0697CF9C57C1EABE6B92AFE7 /* Pods.debug.xcconfig */;
			buildSettings = {
				GCC_PRECOMPILE_PREFIX_HEADER = YES;
				GCC_PREFIX_HEADER = "SampleCoreDataProject/SampleCoreDataProject-Prefix.pch";
				HEADER_SEARCH_PATHS = (
					"\"${PODS_ROOT}/Headers/Public\"",
					"\"${PODS_ROOT}/Headers/Public/MagicalRecord\"",
					"\"$(PROJECT_DIR)/..\"",
				);
				INFOPLIST_FILE = "SampleCoreDataProject/SampleCoreDataProject-Info.plist";
				PRODUCT_NAME = "$(TARGET_NAME)";
				WRAPPER_EXTENSION = app;
			};
			name = Debug;
		};
		C9049B3817CAC48F0099F480 /* Release */ = {
			isa = XCBuildConfiguration;
			baseConfigurationReference = 6D852EE8FD9DA1755B51BFC8 /* Pods.release.xcconfig */;
			buildSettings = {
				GCC_PRECOMPILE_PREFIX_HEADER = YES;
				GCC_PREFIX_HEADER = "SampleCoreDataProject/SampleCoreDataProject-Prefix.pch";
				HEADER_SEARCH_PATHS = (
					"\"${PODS_ROOT}/Headers/Public\"",
					"\"${PODS_ROOT}/Headers/Public/MagicalRecord\"",
					"\"$(PROJECT_DIR)/..\"",
				);
				INFOPLIST_FILE = "SampleCoreDataProject/SampleCoreDataProject-Info.plist";
				PRODUCT_NAME = "$(TARGET_NAME)";
				WRAPPER_EXTENSION = app;
			};
			name = Release;
		};
/* End XCBuildConfiguration section */

/* Begin XCConfigurationList section */
		C9049B0E17CAC48E0099F480 /* Build configuration list for PBXProject "SampleCoreDataProject" */ = {
			isa = XCConfigurationList;
			buildConfigurations = (
				C9049B3417CAC48F0099F480 /* Debug */,
				C9049B3517CAC48F0099F480 /* Release */,
			);
			defaultConfigurationIsVisible = 0;
			defaultConfigurationName = Release;
		};
		C9049B3617CAC48F0099F480 /* Build configuration list for PBXNativeTarget "SampleCoreDataProject" */ = {
			isa = XCConfigurationList;
			buildConfigurations = (
				C9049B3717CAC48F0099F480 /* Debug */,
				C9049B3817CAC48F0099F480 /* Release */,
			);
			defaultConfigurationIsVisible = 0;
			defaultConfigurationName = Release;
		};
/* End XCConfigurationList section */

/* Begin XCVersionGroup section */
		C9049BAB17CAC9CD0099F480 /* Model.xcdatamodeld */ = {
			isa = XCVersionGroup;
			children = (
				C9049BAC17CAC9CD0099F480 /* Model.xcdatamodel */,
			);
			currentVersion = C9049BAC17CAC9CD0099F480 /* Model.xcdatamodel */;
			path = Model.xcdatamodeld;
			sourceTree = "<group>";
			versionGroupType = wrapper.xcdatamodel;
		};
/* End XCVersionGroup section */
	};
	rootObject = C9049B0B17CAC48E0099F480 /* Project object */;
}
