// !$*UTF8*$!
{
	archiveVersion = 1;
	classes = {
	};
	objectVersion = 46;
	objects = {

/* Begin PBXBuildFile section */
		C92BDBD5178BC63C00700BD0 /* UIKit.framework in Frameworks */ = {isa = PBXBuildFile; fileRef = C92BDBD4178BC63C00700BD0 /* UIKit.framework */; };
		C92BDBD7178BC63C00700BD0 /* Foundation.framework in Frameworks */ = {isa = PBXBuildFile; fileRef = C92BDBD6178BC63C00700BD0 /* Foundation.framework */; };
		C92BDBD9178BC63C00700BD0 /* CoreGraphics.framework in Frameworks */ = {isa = PBXBuildFile; fileRef = C92BDBD8178BC63C00700BD0 /* CoreGraphics.framework */; };
		C92BDBDF178BC63C00700BD0 /* InfoPlist.strings in Resources */ = {isa = PBXBuildFile; fileRef = C92BDBDD178BC63C00700BD0 /* InfoPlist.strings */; };
		C92BDBE1178BC63C00700BD0 /* main.m in Sources */ = {isa = PBXBuildFile; fileRef = C92BDBE0178BC63C00700BD0 /* main.m */; };
		C92BDBE7178BC63C00700BD0 /* Default.png in Resources */ = {isa = PBXBuildFile; fileRef = C92BDBE6178BC63C00700BD0 /* Default.png */; };
		C92BDBE9178BC63C00700BD0 /* Default@2x.png in Resources */ = {isa = PBXBuildFile; fileRef = C92BDBE8178BC63C00700BD0 /* Default@2x.png */; };
		C92BDBEB178BC63C00700BD0 /* Default-568h@2x.png in Resources */ = {isa = PBXBuildFile; fileRef = C92BDBEA178BC63C00700BD0 /* Default-568h@2x.png */; };
		C92BDC07178BC6E000700BD0 /* libBRFullTextSearch.a in Frameworks */ = {isa = PBXBuildFile; fileRef = C92BDBFE178BC6B700700BD0 /* libBRFullTextSearch.a */; };
		C92BDC0D178BC71D00700BD0 /* AppDelegate.m in Sources */ = {isa = PBXBuildFile; fileRef = C92BDC09178BC71D00700BD0 /* AppDelegate.m */; };
		C92BDC0E178BC71D00700BD0 /* TestCopy.txt in Resources */ = {isa = PBXBuildFile; fileRef = C92BDC0A178BC71D00700BD0 /* TestCopy.txt */; };
		C92BDC0F178BC71D00700BD0 /* ViewController.m in Sources */ = {isa = PBXBuildFile; fileRef = C92BDC0C178BC71D00700BD0 /* ViewController.m */; };
		C92BDC12178BC74900700BD0 /* ViewController.xib in Resources */ = {isa = PBXBuildFile; fileRef = C92BDC10178BC74900700BD0 /* ViewController.xib */; };
		C92BDC14178BC84000700BD0 /* libstdc++.dylib in Frameworks */ = {isa = PBXBuildFile; fileRef = C92BDC13178BC84000700BD0 /* libstdc++.dylib */; };
		C92BDC16178BC84500700BD0 /* libz.dylib in Frameworks */ = {isa = PBXBuildFile; fileRef = C92BDC15178BC84500700BD0 /* libz.dylib */; };
/* End PBXBuildFile section */

/* Begin PBXContainerItemProxy section */
		C92BDBFD178BC6B700700BD0 /* PBXContainerItemProxy */ = {
			isa = PBXContainerItemProxy;
			containerPortal = C92BDBF7178BC6B700700BD0 /* BRFullTextSearch.xcodeproj */;
			proxyType = 2;
			remoteGlobalIDString = C909C2611784CB600016C25E;
			remoteInfo = BRFullTextSearch;
		};
		C92BDBFF178BC6B700700BD0 /* PBXContainerItemProxy */ = {
			isa = PBXContainerItemProxy;
			containerPortal = C92BDBF7178BC6B700700BD0 /* BRFullTextSearch.xcodeproj */;
			proxyType = 2;
			remoteGlobalIDString = C909C2721784CB600016C25E;
			remoteInfo = BRFullTextSearchTests;
		};
		C92BDC17178BC9E800700BD0 /* PBXContainerItemProxy */ = {
			isa = PBXContainerItemProxy;
			containerPortal = C92BDBF7178BC6B700700BD0 /* BRFullTextSearch.xcodeproj */;
			proxyType = 1;
			remoteGlobalIDString = C909C2601784CB600016C25E;
			remoteInfo = BRFullTextSearch;
		};
/* End PBXContainerItemProxy section */

/* Begin PBXFileReference section */
		C92BDBD1178BC63C00700BD0 /* SampleDependentProject.app */ = {isa = PBXFileReference; explicitFileType = wrapper.application; includeInIndex = 0; path = SampleDependentProject.app; sourceTree = BUILT_PRODUCTS_DIR; };
		C92BDBD4178BC63C00700BD0 /* UIKit.framework */ = {isa = PBXFileReference; lastKnownFileType = wrapper.framework; name = UIKit.framework; path = System/Library/Frameworks/UIKit.framework; sourceTree = SDKROOT; };
		C92BDBD6178BC63C00700BD0 /* Foundation.framework */ = {isa = PBXFileReference; lastKnownFileType = wrapper.framework; name = Foundation.framework; path = System/Library/Frameworks/Foundation.framework; sourceTree = SDKROOT; };
		C92BDBD8178BC63C00700BD0 /* CoreGraphics.framework */ = {isa = PBXFileReference; lastKnownFileType = wrapper.framework; name = CoreGraphics.framework; path = System/Library/Frameworks/CoreGraphics.framework; sourceTree = SDKROOT; };
		C92BDBDC178BC63C00700BD0 /* SampleDependentProject-Info.plist */ = {isa = PBXFileReference; lastKnownFileType = text.plist.xml; path = "SampleDependentProject-Info.plist"; sourceTree = "<group>"; };
		C92BDBDE178BC63C00700BD0 /* en */ = {isa = PBXFileReference; lastKnownFileType = text.plist.strings; name = en; path = en.lproj/InfoPlist.strings; sourceTree = "<group>"; };
		C92BDBE0178BC63C00700BD0 /* main.m */ = {isa = PBXFileReference; lastKnownFileType = sourcecode.c.objc; path = main.m; sourceTree = "<group>"; };
		C92BDBE2178BC63C00700BD0 /* SampleDependentProject-Prefix.pch */ = {isa = PBXFileReference; lastKnownFileType = sourcecode.c.h; path = "SampleDependentProject-Prefix.pch"; sourceTree = "<group>"; };
		C92BDBE6178BC63C00700BD0 /* Default.png */ = {isa = PBXFileReference; lastKnownFileType = image.png; path = Default.png; sourceTree = "<group>"; };
		C92BDBE8178BC63C00700BD0 /* Default@2x.png */ = {isa = PBXFileReference; lastKnownFileType = image.png; path = "Default@2x.png"; sourceTree = "<group>"; };
		C92BDBEA178BC63C00700BD0 /* Default-568h@2x.png */ = {isa = PBXFileReference; lastKnownFileType = image.png; path = "Default-568h@2x.png"; sourceTree = "<group>"; };
		C92BDBF7178BC6B700700BD0 /* BRFullTextSearch.xcodeproj */ = {isa = PBXFileReference; lastKnownFileType = "wrapper.pb-project"; name = BRFullTextSearch.xcodeproj; path = ../BRFullTextSearch.xcodeproj; sourceTree = "<group>"; };
		C92BDC08178BC71D00700BD0 /* AppDelegate.h */ = {isa = PBXFileReference; fileEncoding = 4; lastKnownFileType = sourcecode.c.h; name = AppDelegate.h; path = ../../SampleStaticLibraryProject/SampleStaticLibraryProject/AppDelegate.h; sourceTree = "<group>"; };
		C92BDC09178BC71D00700BD0 /* AppDelegate.m */ = {isa = PBXFileReference; fileEncoding = 4; lastKnownFileType = sourcecode.c.objc; name = AppDelegate.m; path = ../../SampleStaticLibraryProject/SampleStaticLibraryProject/AppDelegate.m; sourceTree = "<group>"; };
		C92BDC0A178BC71D00700BD0 /* TestCopy.txt */ = {isa = PBXFileReference; fileEncoding = 4; lastKnownFileType = text; name = TestCopy.txt; path = ../../SampleStaticLibraryProject/SampleStaticLibraryProject/TestCopy.txt; sourceTree = "<group>"; };
		C92BDC0B178BC71D00700BD0 /* ViewController.h */ = {isa = PBXFileReference; fileEncoding = 4; lastKnownFileType = sourcecode.c.h; name = ViewController.h; path = ../../SampleStaticLibraryProject/SampleStaticLibraryProject/ViewController.h; sourceTree = "<group>"; };
		C92BDC0C178BC71D00700BD0 /* ViewController.m */ = {isa = PBXFileReference; fileEncoding = 4; lastKnownFileType = sourcecode.c.objc; name = ViewController.m; path = ../../SampleStaticLibraryProject/SampleStaticLibraryProject/ViewController.m; sourceTree = "<group>"; };
		C92BDC11178BC74900700BD0 /* en */ = {isa = PBXFileReference; lastKnownFileType = file.xib; name = en; path = ../../SampleStaticLibraryProject/SampleStaticLibraryProject/en.lproj/ViewController.xib; sourceTree = "<group>"; };
		C92BDC13178BC84000700BD0 /* libstdc++.dylib */ = {isa = PBXFileReference; lastKnownFileType = "compiled.mach-o.dylib"; name = "libstdc++.dylib"; path = "usr/lib/libstdc++.dylib"; sourceTree = SDKROOT; };
		C92BDC15178BC84500700BD0 /* libz.dylib */ = {isa = PBXFileReference; lastKnownFileType = "compiled.mach-o.dylib"; name = libz.dylib; path = usr/lib/libz.dylib; sourceTree = SDKROOT; };
		C9EDB6EE18F36B0800675FFC /* README.md */ = {isa = PBXFileReference; lastKnownFileType = text; path = README.md; sourceTree = "<group>"; };
/* End PBXFileReference section */

/* Begin PBXFrameworksBuildPhase section */
		C92BDBCE178BC63C00700BD0 /* Frameworks */ = {
			isa = PBXFrameworksBuildPhase;
			buildActionMask = 2147483647;
			files = (
				C92BDC16178BC84500700BD0 /* libz.dylib in Frameworks */,
				C92BDC14178BC84000700BD0 /* libstdc++.dylib in Frameworks */,
				C92BDC07178BC6E000700BD0 /* libBRFullTextSearch.a in Frameworks */,
				C92BDBD5178BC63C00700BD0 /* UIKit.framework in Frameworks */,
				C92BDBD7178BC63C00700BD0 /* Foundation.framework in Frameworks */,
				C92BDBD9178BC63C00700BD0 /* CoreGraphics.framework in Frameworks */,
			);
			runOnlyForDeploymentPostprocessing = 0;
		};
/* End PBXFrameworksBuildPhase section */

/* Begin PBXGroup section */
		C92BDBC8178BC63C00700BD0 = {
			isa = PBXGroup;
			children = (
				C9EDB6EE18F36B0800675FFC /* README.md */,
				C92BDBF7178BC6B700700BD0 /* BRFullTextSearch.xcodeproj */,
				C92BDBDA178BC63C00700BD0 /* SampleDependentProject */,
				C92BDBD3178BC63C00700BD0 /* Frameworks */,
				C92BDBD2178BC63C00700BD0 /* Products */,
			);
			sourceTree = "<group>";
		};
		C92BDBD2178BC63C00700BD0 /* Products */ = {
			isa = PBXGroup;
			children = (
				C92BDBD1178BC63C00700BD0 /* SampleDependentProject.app */,
			);
			name = Products;
			sourceTree = "<group>";
		};
		C92BDBD3178BC63C00700BD0 /* Frameworks */ = {
			isa = PBXGroup;
			children = (
				C92BDC15178BC84500700BD0 /* libz.dylib */,
				C92BDC13178BC84000700BD0 /* libstdc++.dylib */,
				C92BDBD4178BC63C00700BD0 /* UIKit.framework */,
				C92BDBD6178BC63C00700BD0 /* Foundation.framework */,
				C92BDBD8178BC63C00700BD0 /* CoreGraphics.framework */,
			);
			name = Frameworks;
			sourceTree = "<group>";
		};
		C92BDBDA178BC63C00700BD0 /* SampleDependentProject */ = {
			isa = PBXGroup;
			children = (
				C92BDC08178BC71D00700BD0 /* AppDelegate.h */,
				C92BDC09178BC71D00700BD0 /* AppDelegate.m */,
				C92BDC0B178BC71D00700BD0 /* ViewController.h */,
				C92BDC0C178BC71D00700BD0 /* ViewController.m */,
				C92BDC10178BC74900700BD0 /* ViewController.xib */,
				C92BDBDB178BC63C00700BD0 /* Supporting Files */,
			);
			path = SampleDependentProject;
			sourceTree = "<group>";
		};
		C92BDBDB178BC63C00700BD0 /* Supporting Files */ = {
			isa = PBXGroup;
			children = (
				C92BDC0A178BC71D00700BD0 /* TestCopy.txt */,
				C92BDBDC178BC63C00700BD0 /* SampleDependentProject-Info.plist */,
				C92BDBDD178BC63C00700BD0 /* InfoPlist.strings */,
				C92BDBE0178BC63C00700BD0 /* main.m */,
				C92BDBE2178BC63C00700BD0 /* SampleDependentProject-Prefix.pch */,
				C92BDBE6178BC63C00700BD0 /* Default.png */,
				C92BDBE8178BC63C00700BD0 /* Default@2x.png */,
				C92BDBEA178BC63C00700BD0 /* Default-568h@2x.png */,
			);
			name = "Supporting Files";
			sourceTree = "<group>";
		};
		C92BDBF8178BC6B700700BD0 /* Products */ = {
			isa = PBXGroup;
			children = (
				C92BDBFE178BC6B700700BD0 /* libBRFullTextSearch.a */,
				C92BDC00178BC6B700700BD0 /* BRFullTextSearchTests.xctest */,
			);
			name = Products;
			sourceTree = "<group>";
		};
/* End PBXGroup section */

/* Begin PBXNativeTarget section */
		C92BDBD0178BC63C00700BD0 /* SampleDependentProject */ = {
			isa = PBXNativeTarget;
			buildConfigurationList = C92BDBF4178BC63C00700BD0 /* Build configuration list for PBXNativeTarget "SampleDependentProject" */;
			buildPhases = (
				C92BDBCD178BC63C00700BD0 /* Sources */,
				C92BDBCE178BC63C00700BD0 /* Frameworks */,
				C92BDBCF178BC63C00700BD0 /* Resources */,
			);
			buildRules = (
			);
			dependencies = (
				C92BDC18178BC9E800700BD0 /* PBXTargetDependency */,
			);
			name = SampleDependentProject;
			productName = SampleDependentProject;
			productReference = C92BDBD1178BC63C00700BD0 /* SampleDependentProject.app */;
			productType = "com.apple.product-type.application";
		};
/* End PBXNativeTarget section */

/* Begin PBXProject section */
		C92BDBC9178BC63C00700BD0 /* Project object */ = {
			isa = PBXProject;
			attributes = {
				LastUpgradeCheck = 0460;
				ORGANIZATIONNAME = "Blue Rocket";
			};
			buildConfigurationList = C92BDBCC178BC63C00700BD0 /* Build configuration list for PBXProject "SampleDependentProject" */;
			compatibilityVersion = "Xcode 3.2";
			developmentRegion = English;
			hasScannedForEncodings = 0;
			knownRegions = (
				en,
			);
			mainGroup = C92BDBC8178BC63C00700BD0;
			productRefGroup = C92BDBD2178BC63C00700BD0 /* Products */;
			projectDirPath = "";
			projectReferences = (
				{
					ProductGroup = C92BDBF8178BC6B700700BD0 /* Products */;
					ProjectRef = C92BDBF7178BC6B700700BD0 /* BRFullTextSearch.xcodeproj */;
				},
			);
			projectRoot = "";
			targets = (
				C92BDBD0178BC63C00700BD0 /* SampleDependentProject */,
			);
		};
/* End PBXProject section */

/* Begin PBXReferenceProxy section */
		C92BDBFE178BC6B700700BD0 /* libBRFullTextSearch.a */ = {
			isa = PBXReferenceProxy;
			fileType = archive.ar;
			path = libBRFullTextSearch.a;
			remoteRef = C92BDBFD178BC6B700700BD0 /* PBXContainerItemProxy */;
			sourceTree = BUILT_PRODUCTS_DIR;
		};
		C92BDC00178BC6B700700BD0 /* BRFullTextSearchTests.xctest */ = {
			isa = PBXReferenceProxy;
			fileType = wrapper.cfbundle;
			path = BRFullTextSearchTests.xctest;
			remoteRef = C92BDBFF178BC6B700700BD0 /* PBXContainerItemProxy */;
			sourceTree = BUILT_PRODUCTS_DIR;
		};
/* End PBXReferenceProxy section */

/* Begin PBXResourcesBuildPhase section */
		C92BDBCF178BC63C00700BD0 /* Resources */ = {
			isa = PBXResourcesBuildPhase;
			buildActionMask = 2147483647;
			files = (
				C92BDBDF178BC63C00700BD0 /* InfoPlist.strings in Resources */,
				C92BDBE7178BC63C00700BD0 /* Default.png in Resources */,
				C92BDBE9178BC63C00700BD0 /* Default@2x.png in Resources */,
				C92BDBEB178BC63C00700BD0 /* Default-568h@2x.png in Resources */,
				C92BDC0E178BC71D00700BD0 /* TestCopy.txt in Resources */,
				C92BDC12178BC74900700BD0 /* ViewController.xib in Resources */,
			);
			runOnlyForDeploymentPostprocessing = 0;
		};
/* End PBXResourcesBuildPhase section */

/* Begin PBXSourcesBuildPhase section */
		C92BDBCD178BC63C00700BD0 /* Sources */ = {
			isa = PBXSourcesBuildPhase;
			buildActionMask = 2147483647;
			files = (
				C92BDBE1178BC63C00700BD0 /* main.m in Sources */,
				C92BDC0D178BC71D00700BD0 /* AppDelegate.m in Sources */,
				C92BDC0F178BC71D00700BD0 /* ViewController.m in Sources */,
			);
			runOnlyForDeploymentPostprocessing = 0;
		};
/* End PBXSourcesBuildPhase section */

/* Begin PBXTargetDependency section */
		C92BDC18178BC9E800700BD0 /* PBXTargetDependency */ = {
			isa = PBXTargetDependency;
			name = BRFullTextSearch;
			targetProxy = C92BDC17178BC9E800700BD0 /* PBXContainerItemProxy */;
		};
/* End PBXTargetDependency section */

/* Begin PBXVariantGroup section */
		C92BDBDD178BC63C00700BD0 /* InfoPlist.strings */ = {
			isa = PBXVariantGroup;
			children = (
				C92BDBDE178BC63C00700BD0 /* en */,
			);
			name = InfoPlist.strings;
			sourceTree = "<group>";
		};
		C92BDC10178BC74900700BD0 /* ViewController.xib */ = {
			isa = PBXVariantGroup;
			children = (
				C92BDC11178BC74900700BD0 /* en */,
			);
			name = ViewController.xib;
			sourceTree = "<group>";
		};
/* End PBXVariantGroup section */

/* Begin XCBuildConfiguration section */
		C92BDBF2178BC63C00700BD0 /* Debug */ = {
			isa = XCBuildConfiguration;
			buildSettings = {
				ALWAYS_SEARCH_USER_PATHS = NO;
				CLANG_CXX_LANGUAGE_STANDARD = "gnu++0x";
				CLANG_CXX_LIBRARY = "libc++";
				CLANG_ENABLE_OBJC_ARC = YES;
				CLANG_WARN_CONSTANT_CONVERSION = YES;
				CLANG_WARN_EMPTY_BODY = YES;
				CLANG_WARN_ENUM_CONVERSION = YES;
				CLANG_WARN_INT_CONVERSION = YES;
				CLANG_WARN__DUPLICATE_METHOD_MATCH = YES;
				"CODE_SIGN_IDENTITY[sdk=iphoneos*]" = "iPhone Developer";
				COPY_PHASE_STRIP = NO;
				GCC_C_LANGUAGE_STANDARD = gnu99;
				GCC_DYNAMIC_NO_PIC = NO;
				GCC_OPTIMIZATION_LEVEL = 0;
				GCC_PREPROCESSOR_DEFINITIONS = (
					"DEBUG=1",
					"$(inherited)",
				);
				GCC_SYMBOLS_PRIVATE_EXTERN = NO;
				GCC_WARN_ABOUT_RETURN_TYPE = YES;
				GCC_WARN_UNINITIALIZED_AUTOS = YES;
				GCC_WARN_UNUSED_VARIABLE = YES;
				HEADER_SEARCH_PATHS = "\"$(PROJECT_DIR)/..\"";
				IPHONEOS_DEPLOYMENT_TARGET = 5.1.1;
				ONLY_ACTIVE_ARCH = YES;
				OTHER_LDFLAGS = "-ObjC";
				SDKROOT = iphoneos;
			};
			name = Debug;
		};
		C92BDBF3178BC63C00700BD0 /* Release */ = {
			isa = XCBuildConfiguration;
			buildSettings = {
				ALWAYS_SEARCH_USER_PATHS = NO;
				CLANG_CXX_LANGUAGE_STANDARD = "gnu++0x";
				CLANG_CXX_LIBRARY = "libc++";
				CLANG_ENABLE_OBJC_ARC = YES;
				CLANG_WARN_CONSTANT_CONVERSION = YES;
				CLANG_WARN_EMPTY_BODY = YES;
				CLANG_WARN_ENUM_CONVERSION = YES;
				CLANG_WARN_INT_CONVERSION = YES;
				CLANG_WARN__DUPLICATE_METHOD_MATCH = YES;
				"CODE_SIGN_IDENTITY[sdk=iphoneos*]" = "iPhone Developer";
				COPY_PHASE_STRIP = YES;
				GCC_C_LANGUAGE_STANDARD = gnu99;
				GCC_WARN_ABOUT_RETURN_TYPE = YES;
				GCC_WARN_UNINITIALIZED_AUTOS = YES;
				GCC_WARN_UNUSED_VARIABLE = YES;
				HEADER_SEARCH_PATHS = "\"$(PROJECT_DIR)/..\"";
				IPHONEOS_DEPLOYMENT_TARGET = 5.1.1;
				OTHER_CFLAGS = "-DNS_BLOCK_ASSERTIONS=1";
				OTHER_LDFLAGS = "-ObjC";
				SDKROOT = iphoneos;
				VALIDATE_PRODUCT = YES;
			};
			name = Release;
		};
		C92BDBF5178BC63C00700BD0 /* Debug */ = {
			isa = XCBuildConfiguration;
			buildSettings = {
				GCC_PRECOMPILE_PREFIX_HEADER = YES;
				GCC_PREFIX_HEADER = "SampleDependentProject/SampleDependentProject-Prefix.pch";
				INFOPLIST_FILE = "SampleDependentProject/SampleDependentProject-Info.plist";
				PRODUCT_NAME = "$(TARGET_NAME)";
				WRAPPER_EXTENSION = app;
			};
			name = Debug;
		};
		C92BDBF6178BC63C00700BD0 /* Release */ = {
			isa = XCBuildConfiguration;
			buildSettings = {
				GCC_PRECOMPILE_PREFIX_HEADER = YES;
				GCC_PREFIX_HEADER = "SampleDependentProject/SampleDependentProject-Prefix.pch";
				INFOPLIST_FILE = "SampleDependentProject/SampleDependentProject-Info.plist";
				PRODUCT_NAME = "$(TARGET_NAME)";
				WRAPPER_EXTENSION = app;
			};
			name = Release;
		};
/* End XCBuildConfiguration section */

/* Begin XCConfigurationList section */
		C92BDBCC178BC63C00700BD0 /* Build configuration list for PBXProject "SampleDependentProject" */ = {
			isa = XCConfigurationList;
			buildConfigurations = (
				C92BDBF2178BC63C00700BD0 /* Debug */,
				C92BDBF3178BC63C00700BD0 /* Release */,
			);
			defaultConfigurationIsVisible = 0;
			defaultConfigurationName = Release;
		};
		C92BDBF4178BC63C00700BD0 /* Build configuration list for PBXNativeTarget "SampleDependentProject" */ = {
			isa = XCConfigurationList;
			buildConfigurations = (
				C92BDBF5178BC63C00700BD0 /* Debug */,
				C92BDBF6178BC63C00700BD0 /* Release */,
			);
			defaultConfigurationIsVisible = 0;
			defaultConfigurationName = Release;
		};
/* End XCConfigurationList section */
	};
	rootObject = C92BDBC9178BC63C00700BD0 /* Project object */;
}
